
Microsoft Visual Studio Solution File, Format Version 12.00
# Visual Studio 15
VisualStudioVersion = 15.0.28307.329
MinimumVisualStudioVersion = 10.0.40219.1
Project("{FAE04EC0-301F-11D3-BF4B-00C04F79EFBC}") = "MvcProject", "SharingViews\MvcProject.csproj", "{36FB613C-CDDA-4B44-A1F2-72B7677F27AF}"
EndProject
Project("{FAE04EC0-301F-11D3-BF4B-00C04F79EFBC}") = "SharedResourcesLibrary", "SharedResourcesLibrary\SharedResourcesLibrary.csproj", "{C957ECF8-A218-4272-A08F-588DE2973EEC}"
EndProject
Global
	GlobalSection(SolutionConfigurationPlatforms) = preSolution
		Debug|Any CPU = Debug|Any CPU
		Release|Any CPU = Release|Any CPU
	EndGlobalSection
	GlobalSection(ProjectConfigurationPlatforms) = postSolution
		{36FB613C-CDDA-4B44-A1F2-72B7677F27AF}.Debug|Any CPU.ActiveCfg = Debug|Any CPU
		{36FB613C-CDDA-4B44-A1F2-72B7677F27AF}.Debug|Any CPU.Build.0 = Debug|Any CPU
		{36FB613C-CDDA-4B44-A1F2-72B7677F27AF}.Release|Any CPU.ActiveCfg = Release|Any CPU
		{36FB613C-CDDA-4B44-A1F2-72B7677F27AF}.Release|Any CPU.Build.0 = Release|Any CPU
		{C957ECF8-A218-4272-A08F-588DE2973EEC}.Debug|Any CPU.ActiveCfg = Debug|Any CPU
		{C957ECF8-A218-4272-A08F-588DE2973EEC}.Debug|Any CPU.Build.0 = Debug|Any CPU
		{C957ECF8-A218-4272-A08F-588DE2973EEC}.Release|Any CPU.ActiveCfg = Release|Any CPU
		{C957ECF8-A218-4272-A08F-588DE2973EEC}.Release|Any CPU.Build.0 = Release|Any CPU
	EndGlobalSection
	GlobalSection(SolutionProperties) = preSolution
		HideSolutionNode = FALSE
	EndGlobalSection
	GlobalSection(ExtensibilityGlobals) = postSolution
		SolutionGuid = {5247DBD1-17B2-4218-839D-B96CFABC8009}
	EndGlobalSection
EndGlobal
